
Microsoft Visual Studio Solution File, Format Version 12.00
# Visual Studio Version 16
VisualStudioVersion = 25.0.1706.1
MinimumVisualStudioVersion = 10.0.40219.1
Project("{FAE04EC0-301F-11D3-BF4B-00C04F79EFBC}") = "C1", "C1\C1.csproj", "{18EBB641-FD41-4AE6-AFA9-C3E92A101BBD}"
EndProject
Global
	GlobalSection(SolutionConfigurationPlatforms) = preSolution
		Debug|Any CPU = Debug|Any CPU
		Release|Any CPU = Release|Any CPU
	EndGlobalSection
	GlobalSection(ProjectConfigurationPlatforms) = postSolution
		{18EBB641-FD41-4AE6-AFA9-C3E92A101BBD}.Debug|Any CPU.ActiveCfg = Debug|Any CPU
		{18EBB641-FD41-4AE6-AFA9-C3E92A101BBD}.Debug|Any CPU.Build.0 = Debug|Any CPU
		{18EBB641-FD41-4AE6-AFA9-C3E92A101BBD}.Release|Any CPU.ActiveCfg = Release|Any CPU
		{18EBB641-FD41-4AE6-AFA9-C3E92A101BBD}.Release|Any CPU.Build.0 = Release|Any CPU
	EndGlobalSection
	GlobalSection(SolutionProperties) = preSolution
		HideSolutionNode = FALSE
	EndGlobalSection
	GlobalSection(ExtensibilityGlobals) = postSolution
		SolutionGuid = {406151E1-4285-4DF4-9920-88953CA2333E}
	EndGlobalSection
EndGlobal
